PODS:
  - SwanKit (0.0.7):
    - SwanKit/AccessProvider (= 0.0.7)
    - SwanKit/Appearance (= 0.0.7)
    - SwanKit/Foundation (= 0.0.7)
    - SwanKit/ImagePicker (= 0.0.7)
    - SwanKit/Keychain (= 0.0.7)
    - SwanKit/List (= 0.0.7)
    - SwanKit/SpeechRecognizer (= 0.0.7)
    - SwanKit/UIFoundation (= 0.0.7)
  - SwanKit/AccessProvider (0.0.7)
  - SwanKit/Appearance (0.0.7):
    - SwanKit/Foundation
  - SwanKit/Foundation (0.0.7)
  - SwanKit/ImagePicker (0.0.7):
    - SwanKit/AccessProvider
    - SwanKit/Foundation
    - SwanKit/UIFoundation
  - SwanKit/Keychain (0.0.7)
  - SwanKit/List (0.0.7)
  - SwanKit/SpeechRecognizer (0.0.7):
    - SwanKit/AccessProvider
  - SwanKit/UIFoundation (0.0.7):
    - SwanKit/Foundation

DEPENDENCIES:
  - SwanKit (from `./`)

EXTERNAL SOURCES:
  SwanKit:
    :path: "./"

SPEC CHECKSUMS:
  SwanKit: 57d933b07a6d9a3351a3432dda300cfbf4d184bb

PODFILE CHECKSUM: 65b9b6f275f07bc7d4435437f1060a215ceae238

COCOAPODS: 1.12.1
