PODS:
  - SwanKit (0.0.1):
    - SwanKit/AccessProvider (= 0.0.1)
    - SwanKit/Appearance (= 0.0.1)
    - SwanKit/Foundation (= 0.0.1)
    - SwanKit/ImagePicker (= 0.0.1)
    - SwanKit/List (= 0.0.1)
    - SwanKit/SpeechRecognizer (= 0.0.1)
    - SwanKit/UIFoundation (= 0.0.1)
  - SwanKit/AccessProvider (0.0.1)
  - SwanKit/Appearance (0.0.1):
    - SwanKit/Foundation
  - SwanKit/Foundation (0.0.1)
  - SwanKit/ImagePicker (0.0.1):
    - SwanKit/AccessProvider
    - SwanKit/Foundation
    - SwanKit/UIFoundation
  - SwanKit/List (0.0.1)
  - SwanKit/SpeechRecognizer (0.0.1):
    - SwanKit/AccessProvider
  - SwanKit/UIFoundation (0.0.1):
    - SwanKit/Foundation

DEPENDENCIES:
  - SwanKit (from `./`)

EXTERNAL SOURCES:
  SwanKit:
    :path: "./"

SPEC CHECKSUMS:
  SwanKit: 3d3646b07a2ff069ed5661051aca86a8887bd636

PODFILE CHECKSUM: d02e158014c97743274215831abb743484a6cfb3

COCOAPODS: 1.9.3
